
Microsoft Visual Studio Solution File, Format Version 12.00
# Visual Studio Version 16
VisualStudioVersion = 16.0.30309.148
MinimumVisualStudioVersion = 10.0.40219.1
Project("{9A19103F-16F7-4668-BE54-9A1E7A4F7556}") = "NRewardBot", "NRewardBot\NRewardBot.csproj", "{72708F54-9364-462E-8BD8-7729014AEEAF}"
EndProject
Project("{2150E333-8FDC-42A3-9474-1A3956D46DE8}") = "Tests", "Tests", "{9A8E366C-208B-47F5-96BB-2CF56CABF979}"
EndProject
Project("{FAE04EC0-301F-11D3-BF4B-00C04F79EFBC}") = "Tests.Unit.NRewardBot", "Tests\Tests.Unit.NRewardBot\Tests.Unit.NRewardBot.csproj", "{561EC622-7AD9-4D59-9819-385D5FCDF947}"
EndProject
Project("{9A19103F-16F7-4668-BE54-9A1E7A4F7556}") = "NRewardBot.Cmd", "NRewardBot.Cmd\NRewardBot.Cmd.csproj", "{A85F5CD4-467F-4CDA-8E47-DA6ABE97FFA1}"
EndProject
Project("{2150E333-8FDC-42A3-9474-1A3956D46DE8}") = ".nuget", ".nuget", "{A8695077-E741-43C1-B5FC-BDF53E8D10F4}"
	ProjectSection(SolutionItems) = preProject
		.nuget\NuGet.Config = .nuget\NuGet.Config
	EndProjectSection
EndProject
Project("{2150E333-8FDC-42A3-9474-1A3956D46DE8}") = "Solution Items", "Solution Items", "{9B994644-4AE5-4682-912E-C132880FC961}"
	ProjectSection(SolutionItems) = preProject
		.editorconfig = .editorconfig
		Directory.Build.props = Directory.Build.props
	EndProjectSection
EndProject
Global
	GlobalSection(SolutionConfigurationPlatforms) = preSolution
		Debug|Any CPU = Debug|Any CPU
		Release|Any CPU = Release|Any CPU
	EndGlobalSection
	GlobalSection(ProjectConfigurationPlatforms) = postSolution
		{72708F54-9364-462E-8BD8-7729014AEEAF}.Debug|Any CPU.ActiveCfg = Debug|Any CPU
		{72708F54-9364-462E-8BD8-7729014AEEAF}.Debug|Any CPU.Build.0 = Debug|Any CPU
		{72708F54-9364-462E-8BD8-7729014AEEAF}.Release|Any CPU.ActiveCfg = Release|Any CPU
		{72708F54-9364-462E-8BD8-7729014AEEAF}.Release|Any CPU.Build.0 = Release|Any CPU
		{561EC622-7AD9-4D59-9819-385D5FCDF947}.Debug|Any CPU.ActiveCfg = Debug|Any CPU
		{561EC622-7AD9-4D59-9819-385D5FCDF947}.Debug|Any CPU.Build.0 = Debug|Any CPU
		{561EC622-7AD9-4D59-9819-385D5FCDF947}.Release|Any CPU.ActiveCfg = Release|Any CPU
		{561EC622-7AD9-4D59-9819-385D5FCDF947}.Release|Any CPU.Build.0 = Release|Any CPU
		{A85F5CD4-467F-4CDA-8E47-DA6ABE97FFA1}.Debug|Any CPU.ActiveCfg = Debug|Any CPU
		{A85F5CD4-467F-4CDA-8E47-DA6ABE97FFA1}.Debug|Any CPU.Build.0 = Debug|Any CPU
		{A85F5CD4-467F-4CDA-8E47-DA6ABE97FFA1}.Release|Any CPU.ActiveCfg = Release|Any CPU
		{A85F5CD4-467F-4CDA-8E47-DA6ABE97FFA1}.Release|Any CPU.Build.0 = Release|Any CPU
	EndGlobalSection
	GlobalSection(SolutionProperties) = preSolution
		HideSolutionNode = FALSE
	EndGlobalSection
	GlobalSection(NestedProjects) = preSolution
		{561EC622-7AD9-4D59-9819-385D5FCDF947} = {9A8E366C-208B-47F5-96BB-2CF56CABF979}
	EndGlobalSection
	GlobalSection(ExtensibilityGlobals) = postSolution
		SolutionGuid = {1642856A-E91A-45E3-AAF4-3CFCD4772394}
	EndGlobalSection
EndGlobal
